
Microsoft Visual Studio Solution File, Format Version 12.00
# Visual Studio Version 16
VisualStudioVersion = 16.0.29020.237
MinimumVisualStudioVersion = 10.0.40219.1
Project("{FAE04EC0-301F-11D3-BF4B-00C04F79EFBC}") = "DeezerParser", "dsadadsadsa\DeezerParser.csproj", "{0AC034F8-95BF-4CDE-87AC-CC918A3312FE}"
EndProject
Global
	GlobalSection(SolutionConfigurationPlatforms) = preSolution
		Debug|Any CPU = Debug|Any CPU
		Release|Any CPU = Release|Any CPU
	EndGlobalSection
	GlobalSection(ProjectConfigurationPlatforms) = postSolution
		{0AC034F8-95BF-4CDE-87AC-CC918A3312FE}.Debug|Any CPU.ActiveCfg = Debug|Any CPU
		{0AC034F8-95BF-4CDE-87AC-CC918A3312FE}.Debug|Any CPU.Build.0 = Debug|Any CPU
		{0AC034F8-95BF-4CDE-87AC-CC918A3312FE}.Release|Any CPU.ActiveCfg = Release|Any CPU
		{0AC034F8-95BF-4CDE-87AC-CC918A3312FE}.Release|Any CPU.Build.0 = Release|Any CPU
	EndGlobalSection
	GlobalSection(SolutionProperties) = preSolution
		HideSolutionNode = FALSE
	EndGlobalSection
	GlobalSection(ExtensibilityGlobals) = postSolution
		SolutionGuid = {EF831752-509C-43D5-BDBF-46AC59667427}
	EndGlobalSection
EndGlobal
